// !$*UTF8*$!
{
	archiveVersion = 1;
	classes = {
	};
	objectVersion = 56;
	objects = {

/* Begin PBXBuildFile section */
		EA51AFDF2A671601008774B1 /* FirebaseAuth in Frameworks */ = {isa = PBXBuildFile; productRef = EA51AFDE2A671601008774B1 /* FirebaseAuth */; };
		EA51AFE12A671601008774B1 /* FirebaseFirestore in Frameworks */ = {isa = PBXBuildFile; productRef = EA51AFE02A671601008774B1 /* FirebaseFirestore */; };
		EA51AFE32A671601008774B1 /* FirebaseFirestoreSwift in Frameworks */ = {isa = PBXBuildFile; productRef = EA51AFE22A671601008774B1 /* FirebaseFirestoreSwift */; };
		EA51AFE52A671601008774B1 /* FirebaseStorage in Frameworks */ = {isa = PBXBuildFile; productRef = EA51AFE42A671601008774B1 /* FirebaseStorage */; };
		EA8C16F52A67183A0048DB90 /* GoogleService-Info.plist in Resources */ = {isa = PBXBuildFile; fileRef = EA8C16F42A67183A0048DB90 /* GoogleService-Info.plist */; };
		EA8E776A2A5ABA3D00F50F5A /* SideMenuView.swift in Sources */ = {isa = PBXBuildFile; fileRef = EA8E77692A5ABA3D00F50F5A /* SideMenuView.swift */; };
		EA8E776E2A5ABA5C00F50F5A /* SideMenuViewModel.swift in Sources */ = {isa = PBXBuildFile; fileRef = EA8E776D2A5ABA5C00F50F5A /* SideMenuViewModel.swift */; };
		EA8E77702A5ABBF500F50F5A /* UserStatsView.swift in Sources */ = {isa = PBXBuildFile; fileRef = EA8E776F2A5ABBF500F50F5A /* UserStatsView.swift */; };
		EA8E77722A5AC36E00F50F5A /* SideMenueOptionRowView.swift in Sources */ = {isa = PBXBuildFile; fileRef = EA8E77712A5AC36E00F50F5A /* SideMenueOptionRowView.swift */; };
		EA9A61E02A592CF90039EF49 /* TwitterCloneApp.swift in Sources */ = {isa = PBXBuildFile; fileRef = EA9A61DF2A592CF90039EF49 /* TwitterCloneApp.swift */; };
		EA9A61E22A592CF90039EF49 /* ContentView.swift in Sources */ = {isa = PBXBuildFile; fileRef = EA9A61E12A592CF90039EF49 /* ContentView.swift */; };
		EA9A61E42A592CFB0039EF49 /* Assets.xcassets in Resources */ = {isa = PBXBuildFile; fileRef = EA9A61E32A592CFB0039EF49 /* Assets.xcassets */; };
		EA9A61E72A592CFB0039EF49 /* Preview Assets.xcassets in Resources */ = {isa = PBXBuildFile; fileRef = EA9A61E62A592CFB0039EF49 /* Preview Assets.xcassets */; };
		EA9A61FD2A592E6E0039EF49 /* FeedView.swift in Sources */ = {isa = PBXBuildFile; fileRef = EA9A61FC2A592E6E0039EF49 /* FeedView.swift */; };
		EA9A62002A592F170039EF49 /* TweetRowView.swift in Sources */ = {isa = PBXBuildFile; fileRef = EA9A61FF2A592F170039EF49 /* TweetRowView.swift */; };
		EA9A62032A59338E0039EF49 /* MainTabView.swift in Sources */ = {isa = PBXBuildFile; fileRef = EA9A62022A59338E0039EF49 /* MainTabView.swift */; };
		EA9A62092A5934920039EF49 /* ExploreView.swift in Sources */ = {isa = PBXBuildFile; fileRef = EA9A62082A5934920039EF49 /* ExploreView.swift */; };
		EA9A620B2A5934A70039EF49 /* NotificationsView.swift in Sources */ = {isa = PBXBuildFile; fileRef = EA9A620A2A5934A70039EF49 /* NotificationsView.swift */; };
		EA9A620D2A5934B90039EF49 /* MessagesView.swift in Sources */ = {isa = PBXBuildFile; fileRef = EA9A620C2A5934B90039EF49 /* MessagesView.swift */; };
		EA9A62112A5935D00039EF49 /* ProfileView.swift in Sources */ = {isa = PBXBuildFile; fileRef = EA9A62102A5935D00039EF49 /* ProfileView.swift */; };
		EA9A62132A593BE70039EF49 /* TweetFilterViewModel.swift in Sources */ = {isa = PBXBuildFile; fileRef = EA9A62122A593BE70039EF49 /* TweetFilterViewModel.swift */; };
		EACD934D2A669009001E7046 /* LoginView.swift in Sources */ = {isa = PBXBuildFile; fileRef = EACD934C2A669009001E7046 /* LoginView.swift */; };
		EACD93502A669018001E7046 /* registrationView.swift in Sources */ = {isa = PBXBuildFile; fileRef = EACD934F2A669018001E7046 /* registrationView.swift */; };
		EACD93522A66918C001E7046 /* RoundedShape.swift in Sources */ = {isa = PBXBuildFile; fileRef = EACD93512A66918C001E7046 /* RoundedShape.swift */; };
		EACD93542A6697B6001E7046 /* CustomInputField.swift in Sources */ = {isa = PBXBuildFile; fileRef = EACD93532A6697B6001E7046 /* CustomInputField.swift */; };
		EACD93572A669994001E7046 /* AuthHeaderView.swift in Sources */ = {isa = PBXBuildFile; fileRef = EACD93562A669994001E7046 /* AuthHeaderView.swift */; };
		EADADE8A2A59B28C00E3AC1D /* UserRowView.swift in Sources */ = {isa = PBXBuildFile; fileRef = EADADE892A59B28C00E3AC1D /* UserRowView.swift */; };
		EAFA765A2A5EA1850025CEF6 /* NewTweetView.swift in Sources */ = {isa = PBXBuildFile; fileRef = EAFA76592A5EA1850025CEF6 /* NewTweetView.swift */; };
		EAFA765D2A5EA2850025CEF6 /* TextArea.swift in Sources */ = {isa = PBXBuildFile; fileRef = EAFA765C2A5EA2850025CEF6 /* TextArea.swift */; };
/* End PBXBuildFile section */

/* Begin PBXFileReference section */
		EA8C16F42A67183A0048DB90 /* GoogleService-Info.plist */ = {isa = PBXFileReference; fileEncoding = 4; lastKnownFileType = text.plist.xml; name = "GoogleService-Info.plist"; path = "../../GoogleService-Info.plist"; sourceTree = "<group>"; };
		EA8E77692A5ABA3D00F50F5A /* SideMenuView.swift */ = {isa = PBXFileReference; lastKnownFileType = sourcecode.swift; path = SideMenuView.swift; sourceTree = "<group>"; };
		EA8E776D2A5ABA5C00F50F5A /* SideMenuViewModel.swift */ = {isa = PBXFileReference; lastKnownFileType = sourcecode.swift; path = SideMenuViewModel.swift; sourceTree = "<group>"; };
		EA8E776F2A5ABBF500F50F5A /* UserStatsView.swift */ = {isa = PBXFileReference; lastKnownFileType = sourcecode.swift; path = UserStatsView.swift; sourceTree = "<group>"; };
		EA8E77712A5AC36E00F50F5A /* SideMenueOptionRowView.swift */ = {isa = PBXFileReference; lastKnownFileType = sourcecode.swift; path = SideMenueOptionRowView.swift; sourceTree = "<group>"; };
		EA9A61DC2A592CF90039EF49 /* TwitterClone.app */ = {isa = PBXFileReference; explicitFileType = wrapper.application; includeInIndex = 0; path = TwitterClone.app; sourceTree = BUILT_PRODUCTS_DIR; };
		EA9A61DF2A592CF90039EF49 /* TwitterCloneApp.swift */ = {isa = PBXFileReference; lastKnownFileType = sourcecode.swift; path = TwitterCloneApp.swift; sourceTree = "<group>"; };
		EA9A61E12A592CF90039EF49 /* ContentView.swift */ = {isa = PBXFileReference; lastKnownFileType = sourcecode.swift; path = ContentView.swift; sourceTree = "<group>"; };
		EA9A61E32A592CFB0039EF49 /* Assets.xcassets */ = {isa = PBXFileReference; lastKnownFileType = folder.assetcatalog; path = Assets.xcassets; sourceTree = "<group>"; };
		EA9A61E62A592CFB0039EF49 /* Preview Assets.xcassets */ = {isa = PBXFileReference; lastKnownFileType = folder.assetcatalog; path = "Preview Assets.xcassets"; sourceTree = "<group>"; };
		EA9A61FC2A592E6E0039EF49 /* FeedView.swift */ = {isa = PBXFileReference; lastKnownFileType = sourcecode.swift; path = FeedView.swift; sourceTree = "<group>"; };
		EA9A61FF2A592F170039EF49 /* TweetRowView.swift */ = {isa = PBXFileReference; lastKnownFileType = sourcecode.swift; path = TweetRowView.swift; sourceTree = "<group>"; };
		EA9A62022A59338E0039EF49 /* MainTabView.swift */ = {isa = PBXFileReference; lastKnownFileType = sourcecode.swift; path = MainTabView.swift; sourceTree = "<group>"; };
		EA9A62082A5934920039EF49 /* ExploreView.swift */ = {isa = PBXFileReference; lastKnownFileType = sourcecode.swift; path = ExploreView.swift; sourceTree = "<group>"; };
		EA9A620A2A5934A70039EF49 /* NotificationsView.swift */ = {isa = PBXFileReference; lastKnownFileType = sourcecode.swift; path = NotificationsView.swift; sourceTree = "<group>"; };
		EA9A620C2A5934B90039EF49 /* MessagesView.swift */ = {isa = PBXFileReference; lastKnownFileType = sourcecode.swift; path = MessagesView.swift; sourceTree = "<group>"; };
		EA9A62102A5935D00039EF49 /* ProfileView.swift */ = {isa = PBXFileReference; lastKnownFileType = sourcecode.swift; path = ProfileView.swift; sourceTree = "<group>"; };
		EA9A62122A593BE70039EF49 /* TweetFilterViewModel.swift */ = {isa = PBXFileReference; lastKnownFileType = sourcecode.swift; path = TweetFilterViewModel.swift; sourceTree = "<group>"; };
		EACD934C2A669009001E7046 /* LoginView.swift */ = {isa = PBXFileReference; lastKnownFileType = sourcecode.swift; path = LoginView.swift; sourceTree = "<group>"; };
		EACD934F2A669018001E7046 /* registrationView.swift */ = {isa = PBXFileReference; lastKnownFileType = sourcecode.swift; path = registrationView.swift; sourceTree = "<group>"; };
		EACD93512A66918C001E7046 /* RoundedShape.swift */ = {isa = PBXFileReference; lastKnownFileType = sourcecode.swift; path = RoundedShape.swift; sourceTree = "<group>"; };
		EACD93532A6697B6001E7046 /* CustomInputField.swift */ = {isa = PBXFileReference; lastKnownFileType = sourcecode.swift; path = CustomInputField.swift; sourceTree = "<group>"; };
		EACD93562A669994001E7046 /* AuthHeaderView.swift */ = {isa = PBXFileReference; lastKnownFileType = sourcecode.swift; path = AuthHeaderView.swift; sourceTree = "<group>"; };
		EADADE892A59B28C00E3AC1D /* UserRowView.swift */ = {isa = PBXFileReference; lastKnownFileType = sourcecode.swift; path = UserRowView.swift; sourceTree = "<group>"; };
		EAFA76592A5EA1850025CEF6 /* NewTweetView.swift */ = {isa = PBXFileReference; lastKnownFileType = sourcecode.swift; path = NewTweetView.swift; sourceTree = "<group>"; };
		EAFA765C2A5EA2850025CEF6 /* TextArea.swift */ = {isa = PBXFileReference; lastKnownFileType = sourcecode.swift; path = TextArea.swift; sourceTree = "<group>"; };
/* End PBXFileReference section */

/* Begin PBXFrameworksBuildPhase section */
		EA9A61D92A592CF90039EF49 /* Frameworks */ = {
			isa = PBXFrameworksBuildPhase;
			buildActionMask = 2147483647;
			files = (
				EA51AFDF2A671601008774B1 /* FirebaseAuth in Frameworks */,
				EA51AFE52A671601008774B1 /* FirebaseStorage in Frameworks */,
				EA51AFE12A671601008774B1 /* FirebaseFirestore in Frameworks */,
				EA51AFE32A671601008774B1 /* FirebaseFirestoreSwift in Frameworks */,
			);
			runOnlyForDeploymentPostprocessing = 0;
		};
/* End PBXFrameworksBuildPhase section */

/* Begin PBXGroup section */
		EA8E77662A5ABA0E00F50F5A /* Sidemenu */ = {
			isa = PBXGroup;
			children = (
				EA8E77682A5ABA2000F50F5A /* Views */,
				EA8E77672A5ABA1800F50F5A /* ViewModel */,
			);
			path = Sidemenu;
			sourceTree = "<group>";
		};
		EA8E77672A5ABA1800F50F5A /* ViewModel */ = {
			isa = PBXGroup;
			children = (
				EA8E776D2A5ABA5C00F50F5A /* SideMenuViewModel.swift */,
			);
			path = ViewModel;
			sourceTree = "<group>";
		};
		EA8E77682A5ABA2000F50F5A /* Views */ = {
			isa = PBXGroup;
			children = (
				EA8E77692A5ABA3D00F50F5A /* SideMenuView.swift */,
				EA8E77712A5AC36E00F50F5A /* SideMenueOptionRowView.swift */,
			);
			path = Views;
			sourceTree = "<group>";
		};
		EA9A61D32A592CF90039EF49 = {
			isa = PBXGroup;
			children = (
				EA9A61DE2A592CF90039EF49 /* TwitterClone */,
				EA9A61DD2A592CF90039EF49 /* Products */,
			);
			sourceTree = "<group>";
		};
		EA9A61DD2A592CF90039EF49 /* Products */ = {
			isa = PBXGroup;
			children = (
				EA9A61DC2A592CF90039EF49 /* TwitterClone.app */,
			);
			name = Products;
			sourceTree = "<group>";
		};
		EA9A61DE2A592CF90039EF49 /* TwitterClone */ = {
			isa = PBXGroup;
			children = (
				EA9A61F72A592DC50039EF49 /* Model */,
				EA9A61F62A592D7B0039EF49 /* Service */,
				EA9A61F52A592D790039EF49 /* Extensions */,
				EA9A61F22A592D6F0039EF49 /* Core */,
				EA9A61DF2A592CF90039EF49 /* TwitterCloneApp.swift */,
				EA9A61E12A592CF90039EF49 /* ContentView.swift */,
				EA9A61E32A592CFB0039EF49 /* Assets.xcassets */,
				EA8C16F42A67183A0048DB90 /* GoogleService-Info.plist */,
				EA9A61E52A592CFB0039EF49 /* Preview Content */,
			);
			path = TwitterClone;
			sourceTree = "<group>";
		};
		EA9A61E52A592CFB0039EF49 /* Preview Content */ = {
			isa = PBXGroup;
			children = (
				EA9A61E62A592CFB0039EF49 /* Preview Assets.xcassets */,
			);
			path = "Preview Content";
			sourceTree = "<group>";
		};
		EA9A61F22A592D6F0039EF49 /* Core */ = {
			isa = PBXGroup;
			children = (
				EACD93482A668FC6001E7046 /* Authentication */,
				EA9A61F82A592DCE0039EF49 /* Components */,
				EAFA76562A5EA1640025CEF6 /* UploadTweet */,
				EA8E77662A5ABA0E00F50F5A /* Sidemenu */,
				EA9A62072A5934780039EF49 /* Profile */,
				EA9A62062A5934640039EF49 /* Explore */,
				EA9A62052A5934600039EF49 /* Notifications */,
				EA9A62042A59345E0039EF49 /* Messages */,
				EA9A62012A59337C0039EF49 /* MainTab */,
				EA9A61F92A592DDA0039EF49 /* Feed */,
			);
			path = Core;
			sourceTree = "<group>";
		};
		EA9A61F52A592D790039EF49 /* Extensions */ = {
			isa = PBXGroup;
			children = (
			);
			path = Extensions;
			sourceTree = "<group>";
		};
		EA9A61F62A592D7B0039EF49 /* Service */ = {
			isa = PBXGroup;
			children = (
			);
			path = Service;
			sourceTree = "<group>";
		};
		EA9A61F72A592DC50039EF49 /* Model */ = {
			isa = PBXGroup;
			children = (
			);
			path = Model;
			sourceTree = "<group>";
		};
		EA9A61F82A592DCE0039EF49 /* Components */ = {
			isa = PBXGroup;
			children = (
				EACD93552A669974001E7046 /* Authentication */,
				EADADE882A59B27F00E3AC1D /* Users */,
				EA9A61FE2A592EF00039EF49 /* Tweets */,
				EAFA765C2A5EA2850025CEF6 /* TextArea.swift */,
				EACD93512A66918C001E7046 /* RoundedShape.swift */,
				EACD93532A6697B6001E7046 /* CustomInputField.swift */,
			);
			path = Components;
			sourceTree = "<group>";
		};
		EA9A61F92A592DDA0039EF49 /* Feed */ = {
			isa = PBXGroup;
			children = (
				EA9A61FA2A592E340039EF49 /* ViewModels */,
				EA9A61FB2A592E3D0039EF49 /* View */,
			);
			path = Feed;
			sourceTree = "<group>";
		};
		EA9A61FA2A592E340039EF49 /* ViewModels */ = {
			isa = PBXGroup;
			children = (
			);
			path = ViewModels;
			sourceTree = "<group>";
		};
		EA9A61FB2A592E3D0039EF49 /* View */ = {
			isa = PBXGroup;
			children = (
				EA9A61FC2A592E6E0039EF49 /* FeedView.swift */,
			);
			path = View;
			sourceTree = "<group>";
		};
		EA9A61FE2A592EF00039EF49 /* Tweets */ = {
			isa = PBXGroup;
			children = (
				EA9A61FF2A592F170039EF49 /* TweetRowView.swift */,
			);
			path = Tweets;
			sourceTree = "<group>";
		};
		EA9A62012A59337C0039EF49 /* MainTab */ = {
			isa = PBXGroup;
			children = (
				EA9A62022A59338E0039EF49 /* MainTabView.swift */,
			);
			path = MainTab;
			sourceTree = "<group>";
		};
		EA9A62042A59345E0039EF49 /* Messages */ = {
			isa = PBXGroup;
			children = (
				EA9A620C2A5934B90039EF49 /* MessagesView.swift */,
			);
			path = Messages;
			sourceTree = "<group>";
		};
		EA9A62052A5934600039EF49 /* Notifications */ = {
			isa = PBXGroup;
			children = (
				EA9A620A2A5934A70039EF49 /* NotificationsView.swift */,
			);
			path = Notifications;
			sourceTree = "<group>";
		};
		EA9A62062A5934640039EF49 /* Explore */ = {
			isa = PBXGroup;
			children = (
				EADADE872A59B24300E3AC1D /* ViewModels */,
				EADADE862A59B23E00E3AC1D /* Views */,
			);
			path = Explore;
			sourceTree = "<group>";
		};
		EA9A62072A5934780039EF49 /* Profile */ = {
			isa = PBXGroup;
			children = (
				EA9A620E2A5935BE0039EF49 /* ViewModels */,
				EA9A620F2A5935C30039EF49 /* Views */,
			);
			path = Profile;
			sourceTree = "<group>";
		};
		EA9A620E2A5935BE0039EF49 /* ViewModels */ = {
			isa = PBXGroup;
			children = (
				EA9A62122A593BE70039EF49 /* TweetFilterViewModel.swift */,
			);
			path = ViewModels;
			sourceTree = "<group>";
		};
		EA9A620F2A5935C30039EF49 /* Views */ = {
			isa = PBXGroup;
			children = (
				EA9A62102A5935D00039EF49 /* ProfileView.swift */,
			);
			path = Views;
			sourceTree = "<group>";
		};
		EACD93482A668FC6001E7046 /* Authentication */ = {
			isa = PBXGroup;
			children = (
				EACD934B2A668FEF001E7046 /* Views */,
				EACD934A2A668FE9001E7046 /* ViewModels */,
			);
			path = Authentication;
			sourceTree = "<group>";
		};
		EACD934A2A668FE9001E7046 /* ViewModels */ = {
			isa = PBXGroup;
			children = (
			);
			path = ViewModels;
			sourceTree = "<group>";
		};
		EACD934B2A668FEF001E7046 /* Views */ = {
			isa = PBXGroup;
			children = (
				EACD934C2A669009001E7046 /* LoginView.swift */,
				EACD934F2A669018001E7046 /* registrationView.swift */,
			);
			path = Views;
			sourceTree = "<group>";
		};
		EACD93552A669974001E7046 /* Authentication */ = {
			isa = PBXGroup;
			children = (
				EACD93562A669994001E7046 /* AuthHeaderView.swift */,
			);
			path = Authentication;
			sourceTree = "<group>";
		};
		EADADE862A59B23E00E3AC1D /* Views */ = {
			isa = PBXGroup;
			children = (
				EA9A62082A5934920039EF49 /* ExploreView.swift */,
			);
			path = Views;
			sourceTree = "<group>";
		};
		EADADE872A59B24300E3AC1D /* ViewModels */ = {
			isa = PBXGroup;
			children = (
			);
			path = ViewModels;
			sourceTree = "<group>";
		};
		EADADE882A59B27F00E3AC1D /* Users */ = {
			isa = PBXGroup;
			children = (
				EADADE892A59B28C00E3AC1D /* UserRowView.swift */,
				EA8E776F2A5ABBF500F50F5A /* UserStatsView.swift */,
			);
			path = Users;
			sourceTree = "<group>";
		};
		EAFA76562A5EA1640025CEF6 /* UploadTweet */ = {
			isa = PBXGroup;
			children = (
				EAFA76582A5EA1750025CEF6 /* Views */,
				EAFA76572A5EA16C0025CEF6 /* ViewModels */,
			);
			path = UploadTweet;
			sourceTree = "<group>";
		};
		EAFA76572A5EA16C0025CEF6 /* ViewModels */ = {
			isa = PBXGroup;
			children = (
			);
			path = ViewModels;
			sourceTree = "<group>";
		};
		EAFA76582A5EA1750025CEF6 /* Views */ = {
			isa = PBXGroup;
			children = (
				EAFA76592A5EA1850025CEF6 /* NewTweetView.swift */,
			);
			path = Views;
			sourceTree = "<group>";
		};
/* End PBXGroup section */

/* Begin PBXNativeTarget section */
		EA9A61DB2A592CF90039EF49 /* TwitterClone */ = {
			isa = PBXNativeTarget;
			buildConfigurationList = EA9A61EA2A592CFB0039EF49 /* Build configuration list for PBXNativeTarget "TwitterClone" */;
			buildPhases = (
				EA9A61D82A592CF90039EF49 /* Sources */,
				EA9A61D92A592CF90039EF49 /* Frameworks */,
				EA9A61DA2A592CF90039EF49 /* Resources */,
			);
			buildRules = (
			);
			dependencies = (
			);
			name = TwitterClone;
			packageProductDependencies = (
				EA51AFDE2A671601008774B1 /* FirebaseAuth */,
				EA51AFE02A671601008774B1 /* FirebaseFirestore */,
				EA51AFE22A671601008774B1 /* FirebaseFirestoreSwift */,
				EA51AFE42A671601008774B1 /* FirebaseStorage */,
			);
			productName = TwitterClone;
			productReference = EA9A61DC2A592CF90039EF49 /* TwitterClone.app */;
			productType = "com.apple.product-type.application";
		};
/* End PBXNativeTarget section */

/* Begin PBXProject section */
		EA9A61D42A592CF90039EF49 /* Project object */ = {
			isa = PBXProject;
			attributes = {
				BuildIndependentTargetsInParallel = 1;
				LastSwiftUpdateCheck = 1430;
				LastUpgradeCheck = 1430;
				TargetAttributes = {
					EA9A61DB2A592CF90039EF49 = {
						CreatedOnToolsVersion = 14.3.1;
					};
				};
			};
			buildConfigurationList = EA9A61D72A592CF90039EF49 /* Build configuration list for PBXProject "TwitterClone" */;
			compatibilityVersion = "Xcode 14.0";
			developmentRegion = en;
			hasScannedForEncodings = 0;
			knownRegions = (
				en,
				Base,
			);
			mainGroup = EA9A61D32A592CF90039EF49;
			packageReferences = (
				EA51AFDD2A671601008774B1 /* XCRemoteSwiftPackageReference "firebase-ios-sdk" */,
			);
			productRefGroup = EA9A61DD2A592CF90039EF49 /* Products */;
			projectDirPath = "";
			projectRoot = "";
			targets = (
				EA9A61DB2A592CF90039EF49 /* TwitterClone */,
			);
		};
/* End PBXProject section */

/* Begin PBXResourcesBuildPhase section */
		EA9A61DA2A592CF90039EF49 /* Resources */ = {
			isa = PBXResourcesBuildPhase;
			buildActionMask = 2147483647;
			files = (
				EA9A61E72A592CFB0039EF49 /* Preview Assets.xcassets in Resources */,
				EA9A61E42A592CFB0039EF49 /* Assets.xcassets in Resources */,
				EA8C16F52A67183A0048DB90 /* GoogleService-Info.plist in Resources */,
			);
			runOnlyForDeploymentPostprocessing = 0;
		};
/* End PBXResourcesBuildPhase section */

/* Begin PBXSourcesBuildPhase section */
		EA9A61D82A592CF90039EF49 /* Sources */ = {
			isa = PBXSourcesBuildPhase;
			buildActionMask = 2147483647;
			files = (
				EA8E77722A5AC36E00F50F5A /* SideMenueOptionRowView.swift in Sources */,
				EA9A620D2A5934B90039EF49 /* MessagesView.swift in Sources */,
				EA9A62112A5935D00039EF49 /* ProfileView.swift in Sources */,
				EACD93572A669994001E7046 /* AuthHeaderView.swift in Sources */,
				EA9A61E22A592CF90039EF49 /* ContentView.swift in Sources */,
				EAFA765D2A5EA2850025CEF6 /* TextArea.swift in Sources */,
				EA9A62002A592F170039EF49 /* TweetRowView.swift in Sources */,
				EA9A62132A593BE70039EF49 /* TweetFilterViewModel.swift in Sources */,
				EA9A61FD2A592E6E0039EF49 /* FeedView.swift in Sources */,
				EA8E776A2A5ABA3D00F50F5A /* SideMenuView.swift in Sources */,
				EACD93502A669018001E7046 /* registrationView.swift in Sources */,
				EA9A61E02A592CF90039EF49 /* TwitterCloneApp.swift in Sources */,
				EA9A62092A5934920039EF49 /* ExploreView.swift in Sources */,
				EA8E776E2A5ABA5C00F50F5A /* SideMenuViewModel.swift in Sources */,
				EACD93542A6697B6001E7046 /* CustomInputField.swift in Sources */,
				EACD934D2A669009001E7046 /* LoginView.swift in Sources */,
				EAFA765A2A5EA1850025CEF6 /* NewTweetView.swift in Sources */,
				EACD93522A66918C001E7046 /* RoundedShape.swift in Sources */,
				EADADE8A2A59B28C00E3AC1D /* UserRowView.swift in Sources */,
				EA9A62032A59338E0039EF49 /* MainTabView.swift in Sources */,
				EA9A620B2A5934A70039EF49 /* NotificationsView.swift in Sources */,
				EA8E77702A5ABBF500F50F5A /* UserStatsView.swift in Sources */,
			);
			runOnlyForDeploymentPostprocessing = 0;
		};
/* End PBXSourcesBuildPhase section */

/* Begin XCBuildConfiguration section */
		EA9A61E82A592CFB0039EF49 /* Debug */ = {
			isa = XCBuildConfiguration;
			buildSettings = {
				ALWAYS_SEARCH_USER_PATHS = NO;
				CLANG_ANALYZER_NONNULL = YES;
				CLANG_ANALYZER_NUMBER_OBJECT_CONVERSION = YES_AGGRESSIVE;
				CLANG_CXX_LANGUAGE_STANDARD = "gnu++20";
				CLANG_ENABLE_MODULES = YES;
				CLANG_ENABLE_OBJC_ARC = YES;
				CLANG_ENABLE_OBJC_WEAK = YES;
				CLANG_WARN_BLOCK_CAPTURE_AUTORELEASING = YES;
				CLANG_WARN_BOOL_CONVERSION = YES;
				CLANG_WARN_COMMA = YES;
				CLANG_WARN_CONSTANT_CONVERSION = YES;
				CLANG_WARN_DEPRECATED_OBJC_IMPLEMENTATIONS = YES;
				CLANG_WARN_DIRECT_OBJC_ISA_USAGE = YES_ERROR;
				CLANG_WARN_DOCUMENTATION_COMMENTS = YES;
				CLANG_WARN_EMPTY_BODY = YES;
				CLANG_WARN_ENUM_CONVERSION = YES;
				CLANG_WARN_INFINITE_RECURSION = YES;
				CLANG_WARN_INT_CONVERSION = YES;
				CLANG_WARN_NON_LITERAL_NULL_CONVERSION = YES;
				CLANG_WARN_OBJC_IMPLICIT_RETAIN_SELF = YES;
				CLANG_WARN_OBJC_LITERAL_CONVERSION = YES;
				CLANG_WARN_OBJC_ROOT_CLASS = YES_ERROR;
				CLANG_WARN_QUOTED_INCLUDE_IN_FRAMEWORK_HEADER = YES;
				CLANG_WARN_RANGE_LOOP_ANALYSIS = YES;
				CLANG_WARN_STRICT_PROTOTYPES = YES;
				CLANG_WARN_SUSPICIOUS_MOVE = YES;
				CLANG_WARN_UNGUARDED_AVAILABILITY = YES_AGGRESSIVE;
				CLANG_WARN_UNREACHABLE_CODE = YES;
				CLANG_WARN__DUPLICATE_METHOD_MATCH = YES;
				COPY_PHASE_STRIP = NO;
				DEBUG_INFORMATION_FORMAT = dwarf;
				ENABLE_STRICT_OBJC_MSGSEND = YES;
				ENABLE_TESTABILITY = YES;
				GCC_C_LANGUAGE_STANDARD = gnu11;
				GCC_DYNAMIC_NO_PIC = NO;
				GCC_NO_COMMON_BLOCKS = YES;
				GCC_OPTIMIZATION_LEVEL = 0;
				GCC_PREPROCESSOR_DEFINITIONS = (
					"DEBUG=1",
					"$(inherited)",
				);
				GCC_WARN_64_TO_32_BIT_CONVERSION = YES;
				GCC_WARN_ABOUT_RETURN_TYPE = YES_ERROR;
				GCC_WARN_UNDECLARED_SELECTOR = YES;
				GCC_WARN_UNINITIALIZED_AUTOS = YES_AGGRESSIVE;
				GCC_WARN_UNUSED_FUNCTION = YES;
				GCC_WARN_UNUSED_VARIABLE = YES;
				IPHONEOS_DEPLOYMENT_TARGET = 16.4;
				MTL_ENABLE_DEBUG_INFO = INCLUDE_SOURCE;
				MTL_FAST_MATH = YES;
				ONLY_ACTIVE_ARCH = YES;
				SDKROOT = iphoneos;
				SWIFT_ACTIVE_COMPILATION_CONDITIONS = DEBUG;
				SWIFT_OPTIMIZATION_LEVEL = "-Onone";
			};
			name = Debug;
		};
		EA9A61E92A592CFB0039EF49 /* Release */ = {
			isa = XCBuildConfiguration;
			buildSettings = {
				ALWAYS_SEARCH_USER_PATHS = NO;
				CLANG_ANALYZER_NONNULL = YES;
				CLANG_ANALYZER_NUMBER_OBJECT_CONVERSION = YES_AGGRESSIVE;
				CLANG_CXX_LANGUAGE_STANDARD = "gnu++20";
				CLANG_ENABLE_MODULES = YES;
				CLANG_ENABLE_OBJC_ARC = YES;
				CLANG_ENABLE_OBJC_WEAK = YES;
				CLANG_WARN_BLOCK_CAPTURE_AUTORELEASING = YES;
				CLANG_WARN_BOOL_CONVERSION = YES;
				CLANG_WARN_COMMA = YES;
				CLANG_WARN_CONSTANT_CONVERSION = YES;
				CLANG_WARN_DEPRECATED_OBJC_IMPLEMENTATIONS = YES;
				CLANG_WARN_DIRECT_OBJC_ISA_USAGE = YES_ERROR;
				CLANG_WARN_DOCUMENTATION_COMMENTS = YES;
				CLANG_WARN_EMPTY_BODY = YES;
				CLANG_WARN_ENUM_CONVERSION = YES;
				CLANG_WARN_INFINITE_RECURSION = YES;
				CLANG_WARN_INT_CONVERSION = YES;
				CLANG_WARN_NON_LITERAL_NULL_CONVERSION = YES;
				CLANG_WARN_OBJC_IMPLICIT_RETAIN_SELF = YES;
				CLANG_WARN_OBJC_LITERAL_CONVERSION = YES;
				CLANG_WARN_OBJC_ROOT_CLASS = YES_ERROR;
				CLANG_WARN_QUOTED_INCLUDE_IN_FRAMEWORK_HEADER = YES;
				CLANG_WARN_RANGE_LOOP_ANALYSIS = YES;
				CLANG_WARN_STRICT_PROTOTYPES = YES;
				CLANG_WARN_SUSPICIOUS_MOVE = YES;
				CLANG_WARN_UNGUARDED_AVAILABILITY = YES_AGGRESSIVE;
				CLANG_WARN_UNREACHABLE_CODE = YES;
				CLANG_WARN__DUPLICATE_METHOD_MATCH = YES;
				COPY_PHASE_STRIP = NO;
				DEBUG_INFORMATION_FORMAT = "dwarf-with-dsym";
				ENABLE_NS_ASSERTIONS = NO;
				ENABLE_STRICT_OBJC_MSGSEND = YES;
				GCC_C_LANGUAGE_STANDARD = gnu11;
				GCC_NO_COMMON_BLOCKS = YES;
				GCC_WARN_64_TO_32_BIT_CONVERSION = YES;
				GCC_WARN_ABOUT_RETURN_TYPE = YES_ERROR;
				GCC_WARN_UNDECLARED_SELECTOR = YES;
				GCC_WARN_UNINITIALIZED_AUTOS = YES_AGGRESSIVE;
				GCC_WARN_UNUSED_FUNCTION = YES;
				GCC_WARN_UNUSED_VARIABLE = YES;
				IPHONEOS_DEPLOYMENT_TARGET = 16.4;
				MTL_ENABLE_DEBUG_INFO = NO;
				MTL_FAST_MATH = YES;
				SDKROOT = iphoneos;
				SWIFT_COMPILATION_MODE = wholemodule;
				SWIFT_OPTIMIZATION_LEVEL = "-O";
				VALIDATE_PRODUCT = YES;
			};
			name = Release;
		};
		EA9A61EB2A592CFB0039EF49 /* Debug */ = {
			isa = XCBuildConfiguration;
			buildSettings = {
				ASSETCATALOG_COMPILER_APPICON_NAME = AppIcon;
				ASSETCATALOG_COMPILER_GLOBAL_ACCENT_COLOR_NAME = AccentColor;
				CODE_SIGN_STYLE = Automatic;
				CURRENT_PROJECT_VERSION = 1;
				DEVELOPMENT_ASSET_PATHS = "\"TwitterClone/Preview Content\"";
				ENABLE_PREVIEWS = YES;
				GENERATE_INFOPLIST_FILE = YES;
				INFOPLIST_KEY_UIApplicationSceneManifest_Generation = YES;
				INFOPLIST_KEY_UIApplicationSupportsIndirectInputEvents = YES;
				INFOPLIST_KEY_UILaunchScreen_Generation = YES;
				INFOPLIST_KEY_UISupportedInterfaceOrientations_iPad = "UIInterfaceOrientationPortrait UIInterfaceOrientationPortraitUpsideDown UIInterfaceOrientationLandscapeLeft UIInterfaceOrientationLandscapeRight";
				INFOPLIST_KEY_UISupportedInterfaceOrientations_iPhone = "UIInterfaceOrientationPortrait UIInterfaceOrientationLandscapeLeft UIInterfaceOrientationLandscapeRight";
				LD_RUNPATH_SEARCH_PATHS = (
					"$(inherited)",
					"@executable_path/Frameworks",
				);
				MARKETING_VERSION = 1.0;
				PRODUCT_BUNDLE_IDENTIFIER = me.ghunaim.yazan.TwitterClone;
				PRODUCT_NAME = "$(TARGET_NAME)";
				SWIFT_EMIT_LOC_STRINGS = YES;
				SWIFT_VERSION = 5.0;
				TARGETED_DEVICE_FAMILY = "1,2";
			};
			name = Debug;
		};
		EA9A61EC2A592CFB0039EF49 /* Release */ = {
			isa = XCBuildConfiguration;
			buildSettings = {
				ASSETCATALOG_COMPILER_APPICON_NAME = AppIcon;
				ASSETCATALOG_COMPILER_GLOBAL_ACCENT_COLOR_NAME = AccentColor;
				CODE_SIGN_STYLE = Automatic;
				CURRENT_PROJECT_VERSION = 1;
				DEVELOPMENT_ASSET_PATHS = "\"TwitterClone/Preview Content\"";
				ENABLE_PREVIEWS = YES;
				GENERATE_INFOPLIST_FILE = YES;
				INFOPLIST_KEY_UIApplicationSceneManifest_Generation = YES;
				INFOPLIST_KEY_UIApplicationSupportsIndirectInputEvents = YES;
				INFOPLIST_KEY_UILaunchScreen_Generation = YES;
				INFOPLIST_KEY_UISupportedInterfaceOrientations_iPad = "UIInterfaceOrientationPortrait UIInterfaceOrientationPortraitUpsideDown UIInterfaceOrientationLandscapeLeft UIInterfaceOrientationLandscapeRight";
				INFOPLIST_KEY_UISupportedInterfaceOrientations_iPhone = "UIInterfaceOrientationPortrait UIInterfaceOrientationLandscapeLeft UIInterfaceOrientationLandscapeRight";
				LD_RUNPATH_SEARCH_PATHS = (
					"$(inherited)",
					"@executable_path/Frameworks",
				);
				MARKETING_VERSION = 1.0;
				PRODUCT_BUNDLE_IDENTIFIER = me.ghunaim.yazan.TwitterClone;
				PRODUCT_NAME = "$(TARGET_NAME)";
				SWIFT_EMIT_LOC_STRINGS = YES;
				SWIFT_VERSION = 5.0;
				TARGETED_DEVICE_FAMILY = "1,2";
			};
			name = Release;
		};
/* End XCBuildConfiguration section */

/* Begin XCConfigurationList section */
		EA9A61D72A592CF90039EF49 /* Build configuration list for PBXProject "TwitterClone" */ = {
			isa = XCConfigurationList;
			buildConfigurations = (
				EA9A61E82A592CFB0039EF49 /* Debug */,
				EA9A61E92A592CFB0039EF49 /* Release */,
			);
			defaultConfigurationIsVisible = 0;
			defaultConfigurationName = Release;
		};
		EA9A61EA2A592CFB0039EF49 /* Build configuration list for PBXNativeTarget "TwitterClone" */ = {
			isa = XCConfigurationList;
			buildConfigurations = (
				EA9A61EB2A592CFB0039EF49 /* Debug */,
				EA9A61EC2A592CFB0039EF49 /* Release */,
			);
			defaultConfigurationIsVisible = 0;
			defaultConfigurationName = Release;
		};
/* End XCConfigurationList section */

/* Begin XCRemoteSwiftPackageReference section */
		EA51AFDD2A671601008774B1 /* XCRemoteSwiftPackageReference "firebase-ios-sdk" */ = {
			isa = XCRemoteSwiftPackageReference;
			repositoryURL = "https://github.com/firebase/firebase-ios-sdk";
			requirement = {
				kind = upToNextMajorVersion;
				minimumVersion = 10.0.0;
			};
		};
/* End XCRemoteSwiftPackageReference section */

/* Begin XCSwiftPackageProductDependency section */
		EA51AFDE2A671601008774B1 /* FirebaseAuth */ = {
			isa = XCSwiftPackageProductDependency;
			package = EA51AFDD2A671601008774B1 /* XCRemoteSwiftPackageReference "firebase-ios-sdk" */;
			productName = FirebaseAuth;
		};
		EA51AFE02A671601008774B1 /* FirebaseFirestore */ = {
			isa = XCSwiftPackageProductDependency;
			package = EA51AFDD2A671601008774B1 /* XCRemoteSwiftPackageReference "firebase-ios-sdk" */;
			productName = FirebaseFirestore;
		};
		EA51AFE22A671601008774B1 /* FirebaseFirestoreSwift */ = {
			isa = XCSwiftPackageProductDependency;
			package = EA51AFDD2A671601008774B1 /* XCRemoteSwiftPackageReference "firebase-ios-sdk" */;
			productName = FirebaseFirestoreSwift;
		};
		EA51AFE42A671601008774B1 /* FirebaseStorage */ = {
			isa = XCSwiftPackageProductDependency;
			package = EA51AFDD2A671601008774B1 /* XCRemoteSwiftPackageReference "firebase-ios-sdk" */;
			productName = FirebaseStorage;
		};
/* End XCSwiftPackageProductDependency section */
	};
	rootObject = EA9A61D42A592CF90039EF49 /* Project object */;
}
